
Microsoft Visual Studio Solution File, Format Version 12.00
# Visual Studio Version 17
VisualStudioVersion = 17.2.32616.157
MinimumVisualStudioVersion = 10.0.40219.1
Project("{9A19103F-16F7-4668-BE54-9A1E7A4F7556}") = "InternationalNumbers.WebApp", "InternationalNumbers.WebApp\InternationalNumbers.WebApp.csproj", "{2022FD82-4ABA-4B4D-86EA-1FE2BDDFCDCE}"
EndProject
Project("{E53339B2-1760-4266-BCC7-CA923CBCF16C}") = "docker-compose", "docker-compose.dcproj", "{90C0472A-72F6-49A7-A8FA-8131DDA2390B}"
EndProject
Project("{2150E333-8FDC-42A3-9474-1A3956D46DE8}") = "root", "root", "{9EF97D01-68C4-43EF-BFAD-8C36C24F7CF0}"
	ProjectSection(SolutionItems) = preProject
		.gitignore = .gitignore
		README.md = README.md
	EndProjectSection
EndProject
Global
	GlobalSection(SolutionConfigurationPlatforms) = preSolution
		Debug|Any CPU = Debug|Any CPU
		Release|Any CPU = Release|Any CPU
	EndGlobalSection
	GlobalSection(ProjectConfigurationPlatforms) = postSolution
		{2022FD82-4ABA-4B4D-86EA-1FE2BDDFCDCE}.Debug|Any CPU.ActiveCfg = Debug|Any CPU
		{2022FD82-4ABA-4B4D-86EA-1FE2BDDFCDCE}.Debug|Any CPU.Build.0 = Debug|Any CPU
		{2022FD82-4ABA-4B4D-86EA-1FE2BDDFCDCE}.Release|Any CPU.ActiveCfg = Release|Any CPU
		{2022FD82-4ABA-4B4D-86EA-1FE2BDDFCDCE}.Release|Any CPU.Build.0 = Release|Any CPU
		{90C0472A-72F6-49A7-A8FA-8131DDA2390B}.Debug|Any CPU.ActiveCfg = Debug|Any CPU
		{90C0472A-72F6-49A7-A8FA-8131DDA2390B}.Debug|Any CPU.Build.0 = Debug|Any CPU
		{90C0472A-72F6-49A7-A8FA-8131DDA2390B}.Release|Any CPU.ActiveCfg = Release|Any CPU
		{90C0472A-72F6-49A7-A8FA-8131DDA2390B}.Release|Any CPU.Build.0 = Release|Any CPU
	EndGlobalSection
	GlobalSection(SolutionProperties) = preSolution
		HideSolutionNode = FALSE
	EndGlobalSection
	GlobalSection(ExtensibilityGlobals) = postSolution
		SolutionGuid = {CE86E8ED-8B48-4637-B3D6-68AC2A642128}
	EndGlobalSection
EndGlobal
